<?xml version="1.0" encoding="utf-8"?>
<Project ToolsVersion="4.0" xmlns="http://schemas.microsoft.com/developer/msbuild/2003">
  <ItemGroup>
    <Filter Include="Arcjet">
      <UniqueIdentifier>{FE58C5A7-EAFA-EF7D-D3B5-03D2BFF676CE}</UniqueIdentifier>
    </Filter>
    <Filter Include="Arcjet\Events">
      <UniqueIdentifier>{223B196E-8EFB-94A4-5736-DE21C3B5D980}</UniqueIdentifier>
    </Filter>
    <Filter Include="Arcjet\ImGui">
      <UniqueIdentifier>{A814B87F-9477-4724-3DFD-7FDA293F13A7}</UniqueIdentifier>
    </Filter>
    <Filter Include="Platform">
      <UniqueIdentifier>{2AC788B4-1694-E3BF-3FAD-D1672BD9184E}</UniqueIdentifier>
    </Filter>
    <Filter Include="Platform\OpenGL">
      <UniqueIdentifier>{1E7D2C1D-8A08-9AE1-9319-1DD6FF23F6E1}</UniqueIdentifier>
    </Filter>
    <Filter Include="Platform\Windows">
      <UniqueIdentifier>{64FBD71A-50F4-F66C-7926-DCF1657ED678}</UniqueIdentifier>
    </Filter>
  </ItemGroup>
  <ItemGroup>
    <ClInclude Include="src\Arcjet.h" />
    <ClInclude Include="src\Arcjet\Application.h">
      <Filter>Arcjet</Filter>
    </ClInclude>
    <ClInclude Include="src\Arcjet\Core.h">
      <Filter>Arcjet</Filter>
    </ClInclude>
    <ClInclude Include="src\Arcjet\EntryPoint.h">
      <Filter>Arcjet</Filter>
    </ClInclude>
    <ClInclude Include="src\Arcjet\Events\ApplicationEvent.h">
      <Filter>Arcjet\Events</Filter>
    </ClInclude>
    <ClInclude Include="src\Arcjet\Events\Event.h">
      <Filter>Arcjet\Events</Filter>
    </ClInclude>
    <ClInclude Include="src\Arcjet\Events\KeyEvent.h">
      <Filter>Arcjet\Events</Filter>
    </ClInclude>
    <ClInclude Include="src\Arcjet\Events\MouseEvent.h">
      <Filter>Arcjet\Events</Filter>
    </ClInclude>
    <ClInclude Include="src\Arcjet\ImGui\ImGuiLayer.h">
      <Filter>Arcjet\ImGui</Filter>
    </ClInclude>
    <ClInclude Include="src\Arcjet\Layer.h">
      <Filter>Arcjet</Filter>
    </ClInclude>
    <ClInclude Include="src\Arcjet\LayerStack.h">
      <Filter>Arcjet</Filter>
    </ClInclude>
    <ClInclude Include="src\Arcjet\Log.h">
      <Filter>Arcjet</Filter>
    </ClInclude>
    <ClInclude Include="src\Arcjet\Window.h">
      <Filter>Arcjet</Filter>
    </ClInclude>
    <ClInclude Include="src\Platform\OpenGL\ImGuiOpenGLRenderer.h">
      <Filter>Platform\OpenGL</Filter>
    </ClInclude>
    <ClInclude Include="src\Platform\Windows\WindowsWindow.h">
      <Filter>Platform\Windows</Filter>
    </ClInclude>
    <ClInclude Include="src\ajpch.h" />
    <ClInclude Include="src\Arcjet\Input.h" />
    <ClInclude Include="src\Platform\Windows\WindowsInput.h" />
    <ClInclude Include="src\Arcjet\KeyCodes.h" />
    <ClInclude Include="src\Arcjet\MouseButtonCodes.h" />
  </ItemGroup>
  <ItemGroup>
    <ClCompile Include="src\Arcjet\Application.cpp">
      <Filter>Arcjet</Filter>
    </ClCompile>
    <ClCompile Include="src\Arcjet\ImGui\ImGuiLayer.cpp">
      <Filter>Arcjet\ImGui</Filter>
    </ClCompile>
    <ClCompile Include="src\Arcjet\Layer.cpp">
      <Filter>Arcjet</Filter>
    </ClCompile>
    <ClCompile Include="src\Arcjet\LayerStack.cpp">
      <Filter>Arcjet</Filter>
    </ClCompile>
    <ClCompile Include="src\Arcjet\Log.cpp">
      <Filter>Arcjet</Filter>
    </ClCompile>
    <ClCompile Include="src\Platform\OpenGL\ImGuiOpenGLRenderer.cpp">
      <Filter>Platform\OpenGL</Filter>
    </ClCompile>
    <ClCompile Include="src\Platform\Windows\WindowsWindow.cpp">
      <Filter>Platform\Windows</Filter>
    </ClCompile>
    <ClCompile Include="src\ajpch.cpp" />
    <ClCompile Include="src\Platform\Windows\WindowInput.cpp" />
  </ItemGroup>
</Project>