<?xml version="1.0" encoding="utf-8"?>
<Project ToolsVersion="4.0" xmlns="http://schemas.microsoft.com/developer/msbuild/2003">
  <ItemGroup>
    <Filter Include="Arcjet">
      <UniqueIdentifier>{FE58C5A7-EAFA-EF7D-D3B5-03D2BFF676CE}</UniqueIdentifier>
    </Filter>
    <Filter Include="Arcjet\Events">
      <UniqueIdentifier>{223B196E-8EFB-94A4-5736-DE21C3B5D980}</UniqueIdentifier>
    </Filter>
  </ItemGroup>
  <ItemGroup>
    <ClInclude Include="src\Arcjet.h" />
    <ClInclude Include="src\Arcjet\Application.h">
      <Filter>Arcjet</Filter>
    </ClInclude>
    <ClInclude Include="src\Arcjet\Core.h">
      <Filter>Arcjet</Filter>
    </ClInclude>
    <ClInclude Include="src\Arcjet\EntryPoint.h">
      <Filter>Arcjet</Filter>
    </ClInclude>
    <ClInclude Include="src\Arcjet\Events\ApplicationEvent.h">
      <Filter>Arcjet\Events</Filter>
    </ClInclude>
    <ClInclude Include="src\Arcjet\Events\Event.h">
      <Filter>Arcjet\Events</Filter>
    </ClInclude>
    <ClInclude Include="src\Arcjet\Events\KeyEvent.h">
      <Filter>Arcjet\Events</Filter>
    </ClInclude>
    <ClInclude Include="src\Arcjet\Events\MouseEvent.h">
      <Filter>Arcjet\Events</Filter>
    </ClInclude>
    <ClInclude Include="src\Arcjet\Log.h">
      <Filter>Arcjet</Filter>
    </ClInclude>
  </ItemGroup>
  <ItemGroup>
    <ClCompile Include="src\Arcjet\Application.cpp">
      <Filter>Arcjet</Filter>
    </ClCompile>
    <ClCompile Include="src\Arcjet\Log.cpp">
      <Filter>Arcjet</Filter>
    </ClCompile>
  </ItemGroup>
</Project>