
Microsoft Visual Studio Solution File, Format Version 12.00
# Visual Studio Version 16
VisualStudioVersion = 16.0.29728.190
MinimumVisualStudioVersion = 10.0.40219.1
Project("{8BC9CEB8-8B4A-11D0-8D11-00A0C91BC942}") = "Sandbox", "Sandbox\Sandbox.vcxproj", "{CCA96946-5F46-408E-BC54-41D2009FE725}"
EndProject
Project("{8BC9CEB8-8B4A-11D0-8D11-00A0C91BC942}") = "Arcjet", "Arcjet\Arcjet.vcxproj", "{10ACEBAB-FFD9-4B75-B218-7B3CFEDAF1E6}"
EndProject
Global
	GlobalSection(SolutionConfigurationPlatforms) = preSolution
		Debug|x64 = Debug|x64
		Release|x64 = Release|x64
	EndGlobalSection
	GlobalSection(ProjectConfigurationPlatforms) = postSolution
		{CCA96946-5F46-408E-BC54-41D2009FE725}.Debug|x64.ActiveCfg = Debug|x64
		{CCA96946-5F46-408E-BC54-41D2009FE725}.Debug|x64.Build.0 = Debug|x64
		{CCA96946-5F46-408E-BC54-41D2009FE725}.Release|x64.ActiveCfg = Release|x64
		{CCA96946-5F46-408E-BC54-41D2009FE725}.Release|x64.Build.0 = Release|x64
		{10ACEBAB-FFD9-4B75-B218-7B3CFEDAF1E6}.Debug|x64.ActiveCfg = Debug|x64
		{10ACEBAB-FFD9-4B75-B218-7B3CFEDAF1E6}.Debug|x64.Build.0 = Debug|x64
		{10ACEBAB-FFD9-4B75-B218-7B3CFEDAF1E6}.Release|x64.ActiveCfg = Release|x64
		{10ACEBAB-FFD9-4B75-B218-7B3CFEDAF1E6}.Release|x64.Build.0 = Release|x64
	EndGlobalSection
	GlobalSection(SolutionProperties) = preSolution
		HideSolutionNode = FALSE
	EndGlobalSection
	GlobalSection(ExtensibilityGlobals) = postSolution
		SolutionGuid = {31D3A56A-D6E1-464B-904B-7373BEF344A9}
	EndGlobalSection
EndGlobal
